
Microsoft Visual Studio Solution File, Format Version 12.00
# Visual Studio Version 17
VisualStudioVersion = 17.1.32210.238
MinimumVisualStudioVersion = 10.0.40219.1
Project("{9A19103F-16F7-4668-BE54-9A1E7A4F7556}") = "LojaPlatinaMVC", "LojaPlatinaMVC\LojaPlatinaMVC.csproj", "{4EF6B274-B844-40B6-B1CB-26E6499C9D25}"
EndProject
Project("{FAE04EC0-301F-11D3-BF4B-00C04F79EFBC}") = "Platina.Models", "Platina.Models\Platina.Models.csproj", "{7F4B4119-EE77-4054-8F56-B1BEE5F6C8CF}"
EndProject
Project("{FAE04EC0-301F-11D3-BF4B-00C04F79EFBC}") = "Platina.Dados", "Platina.Dados\Platina.Dados.csproj", "{4A6B7C43-A385-4E98-9E84-F430A26CDE55}"
EndProject
Global
	GlobalSection(SolutionConfigurationPlatforms) = preSolution
		Debug|Any CPU = Debug|Any CPU
		Release|Any CPU = Release|Any CPU
	EndGlobalSection
	GlobalSection(ProjectConfigurationPlatforms) = postSolution
		{4EF6B274-B844-40B6-B1CB-26E6499C9D25}.Debug|Any CPU.ActiveCfg = Debug|Any CPU
		{4EF6B274-B844-40B6-B1CB-26E6499C9D25}.Debug|Any CPU.Build.0 = Debug|Any CPU
		{4EF6B274-B844-40B6-B1CB-26E6499C9D25}.Release|Any CPU.ActiveCfg = Release|Any CPU
		{4EF6B274-B844-40B6-B1CB-26E6499C9D25}.Release|Any CPU.Build.0 = Release|Any CPU
		{7F4B4119-EE77-4054-8F56-B1BEE5F6C8CF}.Debug|Any CPU.ActiveCfg = Debug|Any CPU
		{7F4B4119-EE77-4054-8F56-B1BEE5F6C8CF}.Debug|Any CPU.Build.0 = Debug|Any CPU
		{7F4B4119-EE77-4054-8F56-B1BEE5F6C8CF}.Release|Any CPU.ActiveCfg = Release|Any CPU
		{7F4B4119-EE77-4054-8F56-B1BEE5F6C8CF}.Release|Any CPU.Build.0 = Release|Any CPU
		{4A6B7C43-A385-4E98-9E84-F430A26CDE55}.Debug|Any CPU.ActiveCfg = Debug|Any CPU
		{4A6B7C43-A385-4E98-9E84-F430A26CDE55}.Debug|Any CPU.Build.0 = Debug|Any CPU
		{4A6B7C43-A385-4E98-9E84-F430A26CDE55}.Release|Any CPU.ActiveCfg = Release|Any CPU
		{4A6B7C43-A385-4E98-9E84-F430A26CDE55}.Release|Any CPU.Build.0 = Release|Any CPU
	EndGlobalSection
	GlobalSection(SolutionProperties) = preSolution
		HideSolutionNode = FALSE
	EndGlobalSection
	GlobalSection(ExtensibilityGlobals) = postSolution
		SolutionGuid = {DBC05A13-0577-44A2-9AF7-484DE7EDB6BF}
	EndGlobalSection
EndGlobal
